
Microsoft Visual Studio Solution File, Format Version 12.00
# Visual Studio Version 17
VisualStudioVersion = 17.9.34728.123
MinimumVisualStudioVersion = 10.0.40219.1
Project("{FAE04EC0-301F-11D3-BF4B-00C04F79EFBC}") = "HNG12_Task2", "HNG12_Task2\HNG12_Task2.csproj", "{52CCA663-327A-4DB2-8107-619D3899FDA4}"
EndProject
Global
	GlobalSection(SolutionConfigurationPlatforms) = preSolution
		Debug|Any CPU = Debug|Any CPU
		Release|Any CPU = Release|Any CPU
	EndGlobalSection
	GlobalSection(ProjectConfigurationPlatforms) = postSolution
		{52CCA663-327A-4DB2-8107-619D3899FDA4}.Debug|Any CPU.ActiveCfg = Debug|Any CPU
		{52CCA663-327A-4DB2-8107-619D3899FDA4}.Debug|Any CPU.Build.0 = Debug|Any CPU
		{52CCA663-327A-4DB2-8107-619D3899FDA4}.Release|Any CPU.ActiveCfg = Release|Any CPU
		{52CCA663-327A-4DB2-8107-619D3899FDA4}.Release|Any CPU.Build.0 = Release|Any CPU
	EndGlobalSection
	GlobalSection(SolutionProperties) = preSolution
		HideSolutionNode = FALSE
	EndGlobalSection
	GlobalSection(ExtensibilityGlobals) = postSolution
		SolutionGuid = {10A2A634-5A06-4F11-93BA-95398AE24F79}
	EndGlobalSection
EndGlobal
